{
  "name": "kliksob.github.io",
  "version": "1.0.0",
  "lockfileVersion": 1,
  "requires": true,
  "dependencies": {
    "bss": {
      "version": "1.6.4",
      "resolved": "https://registry.npmjs.org/bss/-/bss-1.6.4.tgz",
      "integrity": "sha512-+inXOlHY3Ln9+Zmxa4rHJVB32wbsceVeJhW9NuPs7vqprPEoMUdZNFZeNUxNFd+DSqsckDRcd50/lMZlgpK+uw=="
    },
    "famicon": {
      "version": "0.1.2",
      "resolved": "https://registry.npmjs.org/famicon/-/famicon-0.1.2.tgz",
      "integrity": "sha512-3K4mGA2xTpxVc5PamM9+xmLvzLY2ogiffeLjDjMgSRpTJJ6xgzouU/0v3k/oduB8675Fikn+QfwFpc9+6qw2Mg=="
    },
    "mithril": {
      "version": "2.0.4",
      "resolved": "https://registry.npmjs.org/mithril/-/mithril-2.0.4.tgz",
      "integrity": "sha512-mgw+DMZlhMS4PpprF6dl7ZoeZq5GGcAuWnrg5e12MvaGauc4jzWsDZtVGRCktsiQczOEUr2K5teKbE5k44RlOg=="
    }
  }
}
